{
  "name": "vue-frontend",
  "lockfileVersion": 3,
  "requires": true,
  "packages": {
    "": {
      "name": "vue-frontend",
      "dependencies": {
        "express": "^4.18.2",
        "vue-i18n": "^9.3.0"
      },
      "devDependencies": {
        "vite": "^5.0.0",
        "vue": "^3.3.0",
        "@vitejs/plugin-vue": "^5.0.0"
      }
    }
  }
}
